# Regenerated by: make konflux-artifacts-lock (from lightspeed-providers.revision)
metadata:
  version: "1.0"

artifacts:
  - download_url: https://github.com/lightspeed-core/lightspeed-providers/archive/c095177e7d6d58a4009556251bbbca96ebf3dcb4.zip
    checksum: sha256:2146f5b1d4850c437db024498ef4ec2a49ea760a413d25269ca4641f11f4b093
    filename: lightspeed-providers.zip
