# Regenerated by: make konflux-artifacts-lock (from lightspeed-providers.revision)
metadata:
  version: "1.0"

artifacts:
  - download_url: https://github.com/lightspeed-core/lightspeed-providers/archive/8576c2172087aa32b8eadfa2140a879dec238f00.zip
    checksum: sha256:0e71ab0db8d14abe224cd3cb35b0fe771c187927e5c982a791791bbcfa526cf0
    filename: lightspeed-providers.zip
  - download_url: https://download.pytorch.org/whl/cpu/torch-2.9.0%2Bcpu-cp312-cp312-manylinux_2_28_x86_64.whl
    checksum: sha256:28f6eb31b08180a5c5e98d5bc14eef6909c9f5a1dbff9632c3e02a8773449349
    filename: torch-2.9.0+cpu-cp312-cp312-manylinux_2_28_x86_64.whl
  - download_url: https://download.pytorch.org/whl/cpu/torch-2.9.0%2Bcpu-cp312-cp312-manylinux_2_28_aarch64.whl
    checksum: sha256:3a651434ae1248b0568c12b5f9e3acc8942eb28378d9d04a79302938b68c6f24
    filename: torch-2.9.0+cpu-cp312-cp312-manylinux_2_28_aarch64.whl
  - download_url: https://files.pythonhosted.org/packages/34/de/2ca96b07a82d972b74fe4b46de055b79c904e45c7eab699354a0bfa697dc/tiktoken-0.13.0-cp312-cp312-manylinux_2_28_x86_64.whl
    checksum: sha256:a116178fa7e1b4065bff05214360373a65cac22f965be7b3f73d00a0dbfe7649
    filename: tiktoken-0.13.0-cp312-cp312-manylinux_2_28_x86_64.whl
  - download_url: https://files.pythonhosted.org/packages/74/ed/6bb8d05b9f731f749fee5c6f5ca63e981143c826a5985877330507bd13b7/tiktoken-0.13.0-cp312-cp312-manylinux_2_28_aarch64.whl
    checksum: sha256:3f277ebea5edd7b8bf03c6f9431e1d67d517530115572b2dc1d465326e8f88c7
    filename: tiktoken-0.13.0-cp312-cp312-manylinux_2_28_aarch64.whl
  - download_url: https://files.pythonhosted.org/packages/b3/7a/829f7d9dfd37c207206081d6dad474d81dde29952401f07f2ba507814818/pyarrow-24.0.0-cp312-cp312-manylinux_2_28_x86_64.whl
    checksum: sha256:6165461f55ef6314f026de6638d661188e3455d3ec49834556a0ebbdbace18bb
    filename: pyarrow-24.0.0-cp312-cp312-manylinux_2_28_x86_64.whl
  - download_url: https://files.pythonhosted.org/packages/7c/3b/926382efe8ce27ba729071d3566ade6dfb86bdf112f366000196b2f5780a/pyarrow-24.0.0-cp312-cp312-manylinux_2_28_aarch64.whl
    checksum: sha256:1617043b99bd33e5318ae18eb2919af09c71322ef1ca46566cdafc6e6712fb66
    filename: pyarrow-24.0.0-cp312-cp312-manylinux_2_28_aarch64.whl
  # Bootstrap tools (not in final image)
  - download_url: https://files.pythonhosted.org/packages/44/3c/d717024885424591d5376220b5e836c2d5293ce2011523c9de23ff7bf068/pip-25.3-py3-none-any.whl
    checksum: sha256:9655943313a94722b7774661c21049070f6bbb0a1516bf02f7c8d5d9201514cd
    filename: pip-25.3-py3-none-any.whl
  - download_url: https://files.pythonhosted.org/packages/16/42/13bd057513b7616ec0416d070186e410474f8f9c9fa48b965561a8d214af/uv-0.9.16-py3-none-manylinux_2_17_aarch64.manylinux2014_aarch64.musllinux_1_1_aarch64.whl
    checksum: sha256:5cacb026d93e9be53f9c74ee4907d2df8c3d94c7b24b1c3130f0aee62b6a0b86
    filename: uv-0.9.16-py3-none-manylinux_2_17_aarch64.manylinux2014_aarch64.musllinux_1_1_aarch64.whl
  - download_url: https://files.pythonhosted.org/packages/d1/24/3d737f69753143bba3808d18a1ec7e972cf5d337fbe1dbad6223a3d8d88f/uv-0.9.16-py3-none-manylinux_2_17_x86_64.manylinux2014_x86_64.whl
    checksum: sha256:13217422d30f5c70d37409dd5064d8dbc5a58c1cbaa29f081f43586195a50cc9
    filename: uv-0.9.16-py3-none-manylinux_2_17_x86_64.manylinux2014_x86_64.whl
