# Regenerated by: make konflux-artifacts-lock (from lightspeed-providers.revision)
metadata:
  version: "1.0"

artifacts:
  - download_url: https://github.com/lightspeed-core/lightspeed-providers/archive/3d01e7a67f1321decaa1f6edb9390cf0ff1ebb4c.zip
    checksum: sha256:6735c1349f35f7ccd28d4898a6ad0516acbb5ab33fd48177633d09a59c34f2b1
    filename: lightspeed-providers.zip
