---
lockfileVersion: 1
lockfileVendor: redhat
arches:
- arch: aarch64
  packages:
  - url: https://cdn.redhat.com/content/dist/layered/rhel9/aarch64/rhelai/3.5/os/Packages/f/ffmpeg-free-rhai-6.1.6-9.el9ai.aarch64.rpm
    repoid: rhelai-3.5-for-rhel-9-aarch64-rpms
    size: 1515025
    checksum: sha256:c6bfee462ad3b3f5b4fd19cf96367d549ea7bfeea0ab4ffe634dd497ba5847ba
    name: ffmpeg-free-rhai
    evr: 6.1.6-9.el9ai
    sourcerpm: ffmpeg-6.1.6-9.el9ai.src.rpm
  - url: https://cdn.redhat.com/content/dist/layered/rhel9/aarch64/rhelai/3.5/os/Packages/l/libavcodec-free-rhai-6.1.6-9.el9ai.aarch64.rpm
    repoid: rhelai-3.5-for-rhel-9-aarch64-rpms
    size: 4031909
    checksum: sha256:9ca273eea853bd5c0781add66b1620978468ce9e54a288e972bb668b4d6d7360
    name: libavcodec-free-rhai
    evr: 6.1.6-9.el9ai
    sourcerpm: ffmpeg-6.1.6-9.el9ai.src.rpm
  - url: https://cdn.redhat.com/content/dist/layered/rhel9/aarch64/rhelai/3.5/os/Packages/l/libavdevice-free-rhai-6.1.6-9.el9ai.aarch64.rpm
    repoid: rhelai-3.5-for-rhel-9-aarch64-rpms
    size: 75640
    checksum: sha256:4f32d0216ddc8e6f83732aece446b0e618f0bcd358f85c86fb9d5e8b760c3da7
    name: libavdevice-free-rhai
    evr: 6.1.6-9.el9ai
    sourcerpm: ffmpeg-6.1.6-9.el9ai.src.rpm
  - url: https://cdn.redhat.com/content/dist/layered/rhel9/aarch64/rhelai/3.5/os/Packages/l/libavfilter-free-rhai-6.1.6-9.el9ai.aarch64.rpm
    repoid: rhelai-3.5-for-rhel-9-aarch64-rpms
    size: 1446844
    checksum: sha256:795dd36bacac138d1efb3f1a41e8cb6e9f13843a856fd9f6ef6fe6e9c0b4bf9b
    name: libavfilter-free-rhai
    evr: 6.1.6-9.el9ai
    sourcerpm: ffmpeg-6.1.6-9.el9ai.src.rpm
  - url: https://cdn.redhat.com/content/dist/layered/rhel9/aarch64/rhelai/3.5/os/Packages/l/libavformat-free-rhai-6.1.6-9.el9ai.aarch64.rpm
    repoid: rhelai-3.5-for-rhel-9-aarch64-rpms
    size: 1136615
    checksum: sha256:c17182dfc59bda4af4bda6da1efcd13c860c11af50523910e708fd5debfa177c
    name: libavformat-free-rhai
    evr: 6.1.6-9.el9ai
    sourcerpm: ffmpeg-6.1.6-9.el9ai.src.rpm
  - url: https://cdn.redhat.com/content/dist/layered/rhel9/aarch64/rhelai/3.5/os/Packages/l/libavutil-free-rhai-6.1.6-9.el9ai.aarch64.rpm
    repoid: rhelai-3.5-for-rhel-9-aarch64-rpms
    size: 345879
    checksum: sha256:00d27c22f8aed4753ef047771597c7f263030e06549d445e22a9206abd1f3664
    name: libavutil-free-rhai
    evr: 6.1.6-9.el9ai
    sourcerpm: ffmpeg-6.1.6-9.el9ai.src.rpm
  - url: https://cdn.redhat.com/content/dist/layered/rhel9/aarch64/rhelai/3.5/os/Packages/l/libpostproc-free-rhai-6.1.6-9.el9ai.aarch64.rpm
    repoid: rhelai-3.5-for-rhel-9-aarch64-rpms
    size: 39547
    checksum: sha256:8b1a8cc49a38014789179fb39eb3bbe81ae74b58da2d078f2d8581461222f03e
    name: libpostproc-free-rhai
    evr: 6.1.6-9.el9ai
    sourcerpm: ffmpeg-6.1.6-9.el9ai.src.rpm
  - url: https://cdn.redhat.com/content/dist/layered/rhel9/aarch64/rhelai/3.5/os/Packages/l/libswresample-free-rhai-6.1.6-9.el9ai.aarch64.rpm
    repoid: rhelai-3.5-for-rhel-9-aarch64-rpms
    size: 60307
    checksum: sha256:bb0259b949e925f3eed54e75cde70e76e0992938ee24c82cf1bae0b85a461a00
    name: libswresample-free-rhai
    evr: 6.1.6-9.el9ai
    sourcerpm: ffmpeg-6.1.6-9.el9ai.src.rpm
  - url: https://cdn.redhat.com/content/dist/layered/rhel9/aarch64/rhelai/3.5/os/Packages/l/libswscale-free-rhai-6.1.6-9.el9ai.aarch64.rpm
    repoid: rhelai-3.5-for-rhel-9-aarch64-rpms
    size: 162587
    checksum: sha256:bd4e3882c78fffd4ffac7d99bdcea42d7eebd337a6da75223580eeb828ac55be
    name: libswscale-free-rhai
    evr: 6.1.6-9.el9ai
    sourcerpm: ffmpeg-6.1.6-9.el9ai.src.rpm
  - url: https://cdn.redhat.com/content/eus/rhel9/9.6/aarch64/appstream/os/Packages/c/cargo-1.84.1-1.el9.aarch64.rpm
    repoid: rhel-9-for-aarch64-appstream-eus-rpms__9_DOT_6
    size: 7744425
    checksum: sha256:5db626d49748f31fb02916c24fa1a7e5759ce7b905ac3e781d42079fba8fa1c4
    name: cargo
    evr: 1.84.1-1.el9
    sourcerpm: rust-1.84.1-1.el9.src.rpm
  - url: https://cdn.redhat.com/content/eus/rhel9/9.6/aarch64/appstream/os/Packages/c/cmake-3.26.5-2.el9.aarch64.rpm
    repoid: rhel-9-for-aarch64-appstream-eus-rpms__9_DOT_6
    size: 7432689
    checksum: sha256:6ac0e5e9a4fd761f8688678ac83580c7eebeacf6c241bd8089d72c4a477b22c3
    name: cmake
    evr: 3.26.5-2.el9
    sourcerpm: cmake-3.26.5-2.el9.src.rpm
  - url: https://cdn.redhat.com/content/eus/rhel9/9.6/aarch64/appstream/os/Packages/c/cmake-data-3.26.5-2.el9.noarch.rpm
    repoid: rhel-9-for-aarch64-appstream-eus-rpms__9_DOT_6
    size: 2488227
    checksum: sha256:84da65a7b8921f031d15903d91c5967022620f9e96b7493c8ab8024014755ee7
    name: cmake-data
    evr: 3.26.5-2.el9
    sourcerpm: cmake-3.26.5-2.el9.src.rpm
  - url: https://cdn.redhat.com/content/eus/rhel9/9.6/aarch64/appstream/os/Packages/c/cmake-rpm-macros-3.26.5-2.el9.noarch.rpm
    repoid: rhel-9-for-aarch64-appstream-eus-rpms__9_DOT_6
    size: 12250
    checksum: sha256:1c74969c8a4f21851f5b89f25ac55c689b75bed1318d0435fc3a14a49c39d0e3
    name: cmake-rpm-macros
    evr: 3.26.5-2.el9
    sourcerpm: cmake-3.26.5-2.el9.src.rpm
  - url: https://cdn.redhat.com/content/eus/rhel9/9.6/aarch64/appstream/os/Packages/l/libuv-1.42.0-2.el9_4.aarch64.rpm
    repoid: rhel-9-for-aarch64-appstream-eus-rpms__9_DOT_6
    size: 150129
    checksum: sha256:4dc8a40da74e0f9823356460ee11f183c70f382953700fffef0c448198a677cc
    name: libuv
    evr: 1:1.42.0-2.el9_4
    sourcerpm: libuv-1.42.0-2.el9_4.src.rpm
  - url: https://cdn.redhat.com/content/eus/rhel9/9.6/aarch64/appstream/os/Packages/p/patch-2.7.6-16.el9.aarch64.rpm
    repoid: rhel-9-for-aarch64-appstream-eus-rpms__9_DOT_6
    size: 129037
    checksum: sha256:335c720da3caa41822737dd431d91a4adc79c85dedbe4483ecaf58bc83767610
    name: patch
    evr: 2.7.6-16.el9
    sourcerpm: patch-2.7.6-16.el9.src.rpm
  - url: https://cdn.redhat.com/content/eus/rhel9/9.6/aarch64/appstream/os/Packages/r/rust-1.84.1-1.el9.aarch64.rpm
    repoid: rhel-9-for-aarch64-appstream-eus-rpms__9_DOT_6
    size: 26093725
    checksum: sha256:5be9185a7d684022bc0686049c22ef901c4df6dce2822bdec16a1a47c46b6861
    name: rust
    evr: 1.84.1-1.el9
    sourcerpm: rust-1.84.1-1.el9.src.rpm
  - url: https://cdn.redhat.com/content/eus/rhel9/9.6/aarch64/appstream/os/Packages/r/rust-std-static-1.84.1-1.el9.aarch64.rpm
    repoid: rhel-9-for-aarch64-appstream-eus-rpms__9_DOT_6
    size: 39259196
    checksum: sha256:5889bced81144c4ea201085e5bfd040300c56048e5d7987e9eb69d4d252f87bf
    name: rust-std-static
    evr: 1.84.1-1.el9
    sourcerpm: rust-1.84.1-1.el9.src.rpm
  - url: https://cdn.redhat.com/content/eus/rhel9/9.6/aarch64/baseos/os/Packages/a/acl-2.4.0-0.el9_6.1.aarch64.rpm
    repoid: rhel-9-for-aarch64-baseos-eus-rpms__9_DOT_6
    size: 77159
    checksum: sha256:3b88acdb403b28e3d9b72010d6794d2306a3a92295e264f9ca6447883886ac8b
    name: acl
    evr: 2.4.0-0.el9_6.1
    sourcerpm: acl-2.4.0-0.el9_6.1.src.rpm
  - url: https://cdn.redhat.com/content/eus/rhel9/9.6/aarch64/baseos/os/Packages/e/ed-1.14.2-12.el9.aarch64.rpm
    repoid: rhel-9-for-aarch64-baseos-eus-rpms__9_DOT_6
    size: 78931
    checksum: sha256:3bce4ce6243886c448e58f589b79e3ac829fcde53d1ff13d5906a8cdc22be091
    name: ed
    evr: 1.14.2-12.el9
    sourcerpm: ed-1.14.2-12.el9.src.rpm
  - url: https://cdn.redhat.com/content/eus/rhel9/9.6/aarch64/baseos/os/Packages/i/info-6.7-15.el9.aarch64.rpm
    repoid: rhel-9-for-aarch64-baseos-eus-rpms__9_DOT_6
    size: 230301
    checksum: sha256:c5ae65876c73c6f4e240081431745f5ba0a91d10a4bfb8a5d162ca3d6f039202
    name: info
    evr: 6.7-15.el9
    sourcerpm: texinfo-6.7-15.el9.src.rpm
  - url: https://cdn.redhat.com/content/eus/rhel9/9.6/aarch64/baseos/os/Packages/l/libacl-2.4.0-0.el9_6.1.aarch64.rpm
    repoid: rhel-9-for-aarch64-baseos-eus-rpms__9_DOT_6
    size: 24904
    checksum: sha256:44a0d95be843d5b5104a6182e13de076c3ed83321977aee6f69148a1d5fb2780
    name: libacl
    evr: 2.4.0-0.el9_6.1
    sourcerpm: acl-2.4.0-0.el9_6.1.src.rpm
  source: []
  module_metadata: []
- arch: x86_64
  packages:
  - url: https://cdn.redhat.com/content/dist/layered/rhel9/x86_64/rhelai/3.5/os/Packages/f/ffmpeg-free-rhai-6.1.6-9.el9ai.x86_64.rpm
    repoid: rhelai-3.5-for-rhel-9-x86_64-rpms
    size: 1518752
    checksum: sha256:cd24a91037cbbdc29277a574666fc5e49dcfd582afd63f6f6fe0099ea1470c36
    name: ffmpeg-free-rhai
    evr: 6.1.6-9.el9ai
    sourcerpm: ffmpeg-6.1.6-9.el9ai.src.rpm
  - url: https://cdn.redhat.com/content/dist/layered/rhel9/x86_64/rhelai/3.5/os/Packages/l/libavcodec-free-rhai-6.1.6-9.el9ai.x86_64.rpm
    repoid: rhelai-3.5-for-rhel-9-x86_64-rpms
    size: 4213330
    checksum: sha256:7786b455d74f44cc89b7a8017da2d606e3cbfa7f07b64ad575527e583bdbd178
    name: libavcodec-free-rhai
    evr: 6.1.6-9.el9ai
    sourcerpm: ffmpeg-6.1.6-9.el9ai.src.rpm
  - url: https://cdn.redhat.com/content/dist/layered/rhel9/x86_64/rhelai/3.5/os/Packages/l/libavdevice-free-rhai-6.1.6-9.el9ai.x86_64.rpm
    repoid: rhelai-3.5-for-rhel-9-x86_64-rpms
    size: 76627
    checksum: sha256:620c454f720454d13e881966d770e598554b9db1f9e5daeed03a4c87aaf20e98
    name: libavdevice-free-rhai
    evr: 6.1.6-9.el9ai
    sourcerpm: ffmpeg-6.1.6-9.el9ai.src.rpm
  - url: https://cdn.redhat.com/content/dist/layered/rhel9/x86_64/rhelai/3.5/os/Packages/l/libavfilter-free-rhai-6.1.6-9.el9ai.x86_64.rpm
    repoid: rhelai-3.5-for-rhel-9-x86_64-rpms
    size: 1531710
    checksum: sha256:32c1f98752cf9e40d18a6171ab68f7a3f9a5c435ae44e1beb6450ce1af183e9c
    name: libavfilter-free-rhai
    evr: 6.1.6-9.el9ai
    sourcerpm: ffmpeg-6.1.6-9.el9ai.src.rpm
  - url: https://cdn.redhat.com/content/dist/layered/rhel9/x86_64/rhelai/3.5/os/Packages/l/libavformat-free-rhai-6.1.6-9.el9ai.x86_64.rpm
    repoid: rhelai-3.5-for-rhel-9-x86_64-rpms
    size: 1122106
    checksum: sha256:aee63758df3f99f5962a5ba61ca07c6c9b5d1ccde4677dd6ddc4c999599cd921
    name: libavformat-free-rhai
    evr: 6.1.6-9.el9ai
    sourcerpm: ffmpeg-6.1.6-9.el9ai.src.rpm
  - url: https://cdn.redhat.com/content/dist/layered/rhel9/x86_64/rhelai/3.5/os/Packages/l/libavutil-free-rhai-6.1.6-9.el9ai.x86_64.rpm
    repoid: rhelai-3.5-for-rhel-9-x86_64-rpms
    size: 351489
    checksum: sha256:3338518a95b0931f570cadea63983faaee1a053e382c6fe7b09cd6e5c629275d
    name: libavutil-free-rhai
    evr: 6.1.6-9.el9ai
    sourcerpm: ffmpeg-6.1.6-9.el9ai.src.rpm
  - url: https://cdn.redhat.com/content/dist/layered/rhel9/x86_64/rhelai/3.5/os/Packages/l/libpostproc-free-rhai-6.1.6-9.el9ai.x86_64.rpm
    repoid: rhelai-3.5-for-rhel-9-x86_64-rpms
    size: 46878
    checksum: sha256:31356012fb0d14be447a9357e4bb9be23de095072bdd5654d70efe2643fe1d11
    name: libpostproc-free-rhai
    evr: 6.1.6-9.el9ai
    sourcerpm: ffmpeg-6.1.6-9.el9ai.src.rpm
  - url: https://cdn.redhat.com/content/dist/layered/rhel9/x86_64/rhelai/3.5/os/Packages/l/libswresample-free-rhai-6.1.6-9.el9ai.x86_64.rpm
    repoid: rhelai-3.5-for-rhel-9-x86_64-rpms
    size: 66438
    checksum: sha256:6252004c850c7741fb49e18c5eb86896192051caa6623c96051ac30c6e0c0a70
    name: libswresample-free-rhai
    evr: 6.1.6-9.el9ai
    sourcerpm: ffmpeg-6.1.6-9.el9ai.src.rpm
  - url: https://cdn.redhat.com/content/dist/layered/rhel9/x86_64/rhelai/3.5/os/Packages/l/libswscale-free-rhai-6.1.6-9.el9ai.x86_64.rpm
    repoid: rhelai-3.5-for-rhel-9-x86_64-rpms
    size: 188983
    checksum: sha256:f114a579b7cdc4458baecc516ca93f4abf64a66fa21eda0f186d5ef9799a8640
    name: libswscale-free-rhai
    evr: 6.1.6-9.el9ai
    sourcerpm: ffmpeg-6.1.6-9.el9ai.src.rpm
  - url: https://cdn.redhat.com/content/eus/rhel9/9.6/x86_64/appstream/os/Packages/c/cargo-1.84.1-1.el9.x86_64.rpm
    repoid: rhel-9-for-x86_64-appstream-eus-rpms__9_DOT_6
    size: 8292467
    checksum: sha256:7dd011cd79a635654ade4e3186c5f7545d692de81157d1ce1d42656eaa6993b2
    name: cargo
    evr: 1.84.1-1.el9
    sourcerpm: rust-1.84.1-1.el9.src.rpm
  - url: https://cdn.redhat.com/content/eus/rhel9/9.6/x86_64/appstream/os/Packages/c/cmake-3.26.5-2.el9.x86_64.rpm
    repoid: rhel-9-for-x86_64-appstream-eus-rpms__9_DOT_6
    size: 9159462
    checksum: sha256:f553370cb02b87e7388697468256556e765b102c2fcb56be6bc250cb2351e8ad
    name: cmake
    evr: 3.26.5-2.el9
    sourcerpm: cmake-3.26.5-2.el9.src.rpm
  - url: https://cdn.redhat.com/content/eus/rhel9/9.6/x86_64/appstream/os/Packages/c/cmake-data-3.26.5-2.el9.noarch.rpm
    repoid: rhel-9-for-x86_64-appstream-eus-rpms__9_DOT_6
    size: 2488227
    checksum: sha256:84da65a7b8921f031d15903d91c5967022620f9e96b7493c8ab8024014755ee7
    name: cmake-data
    evr: 3.26.5-2.el9
    sourcerpm: cmake-3.26.5-2.el9.src.rpm
  - url: https://cdn.redhat.com/content/eus/rhel9/9.6/x86_64/appstream/os/Packages/c/cmake-rpm-macros-3.26.5-2.el9.noarch.rpm
    repoid: rhel-9-for-x86_64-appstream-eus-rpms__9_DOT_6
    size: 12250
    checksum: sha256:1c74969c8a4f21851f5b89f25ac55c689b75bed1318d0435fc3a14a49c39d0e3
    name: cmake-rpm-macros
    evr: 3.26.5-2.el9
    sourcerpm: cmake-3.26.5-2.el9.src.rpm
  - url: https://cdn.redhat.com/content/eus/rhel9/9.6/x86_64/appstream/os/Packages/l/libuv-1.42.0-2.el9_4.x86_64.rpm
    repoid: rhel-9-for-x86_64-appstream-eus-rpms__9_DOT_6
    size: 154427
    checksum: sha256:e1fab39251239ccaad2fb4dbe6c55ec1ae60f76d4ae81582b06e6a58e30879b2
    name: libuv
    evr: 1:1.42.0-2.el9_4
    sourcerpm: libuv-1.42.0-2.el9_4.src.rpm
  - url: https://cdn.redhat.com/content/eus/rhel9/9.6/x86_64/appstream/os/Packages/p/patch-2.7.6-16.el9.x86_64.rpm
    repoid: rhel-9-for-x86_64-appstream-eus-rpms__9_DOT_6
    size: 133240
    checksum: sha256:d2e0307a2d1d4eff0c2db406841030461b35864926916f2a92244427d89316be
    name: patch
    evr: 2.7.6-16.el9
    sourcerpm: patch-2.7.6-16.el9.src.rpm
  - url: https://cdn.redhat.com/content/eus/rhel9/9.6/x86_64/appstream/os/Packages/r/rust-1.84.1-1.el9.x86_64.rpm
    repoid: rhel-9-for-x86_64-appstream-eus-rpms__9_DOT_6
    size: 28050444
    checksum: sha256:9ba3c53fd811af2f294e31360d75e33e4cb89893130c7b3fe0c6191e20a09f3e
    name: rust
    evr: 1.84.1-1.el9
    sourcerpm: rust-1.84.1-1.el9.src.rpm
  - url: https://cdn.redhat.com/content/eus/rhel9/9.6/x86_64/appstream/os/Packages/r/rust-std-static-1.84.1-1.el9.x86_64.rpm
    repoid: rhel-9-for-x86_64-appstream-eus-rpms__9_DOT_6
    size: 41211472
    checksum: sha256:73bb90884432e2b43758f1043f107a570b5d54b38f17d5d0af51bac103ceb4f5
    name: rust-std-static
    evr: 1.84.1-1.el9
    sourcerpm: rust-1.84.1-1.el9.src.rpm
  - url: https://cdn.redhat.com/content/eus/rhel9/9.6/x86_64/baseos/os/Packages/a/acl-2.4.0-0.el9_6.1.x86_64.rpm
    repoid: rhel-9-for-x86_64-baseos-eus-rpms__9_DOT_6
    size: 77918
    checksum: sha256:7922ff8b02bdd4f0771e3036c3d293939bc2d182505772d7fccfb28a650fedc6
    name: acl
    evr: 2.4.0-0.el9_6.1
    sourcerpm: acl-2.4.0-0.el9_6.1.src.rpm
  - url: https://cdn.redhat.com/content/eus/rhel9/9.6/x86_64/baseos/os/Packages/e/ed-1.14.2-12.el9.x86_64.rpm
    repoid: rhel-9-for-x86_64-baseos-eus-rpms__9_DOT_6
    size: 79993
    checksum: sha256:5fb3c625fd1ace94f133522bdaf4768abd78f029e20886b8e4aed2d6d1aac664
    name: ed
    evr: 1.14.2-12.el9
    sourcerpm: ed-1.14.2-12.el9.src.rpm
  - url: https://cdn.redhat.com/content/eus/rhel9/9.6/x86_64/baseos/os/Packages/i/info-6.7-15.el9.x86_64.rpm
    repoid: rhel-9-for-x86_64-baseos-eus-rpms__9_DOT_6
    size: 233806
    checksum: sha256:3643f98b45cc973073096608aaa45976d722fe284590ff7c1d5f93ad77ba0f8b
    name: info
    evr: 6.7-15.el9
    sourcerpm: texinfo-6.7-15.el9.src.rpm
  - url: https://cdn.redhat.com/content/eus/rhel9/9.6/x86_64/baseos/os/Packages/l/libacl-2.4.0-0.el9_6.1.x86_64.rpm
    repoid: rhel-9-for-x86_64-baseos-eus-rpms__9_DOT_6
    size: 25027
    checksum: sha256:3fefd0c83d5b54dab6f88bd85fd00493983fc26656c5e1f62f5ea56ce1711388
    name: libacl
    evr: 2.4.0-0.el9_6.1
    sourcerpm: acl-2.4.0-0.el9_6.1.src.rpm
  source: []
  module_metadata: []
